
Microsoft Visual Studio Solution File, Format Version 12.00
# Visual Studio Version 17
VisualStudioVersion = 17.9.34616.47
MinimumVisualStudioVersion = 10.0.40219.1
Project("{FAE04EC0-301F-11D3-BF4B-00C04F79EFBC}") = "APIBookStore", "APIBookStore\APIBookStore.csproj", "{DCBAC495-6D58-4AE4-8FB0-EBD2FB351759}"
EndProject
Global
	GlobalSection(SolutionConfigurationPlatforms) = preSolution
		Debug|Any CPU = Debug|Any CPU
		Release|Any CPU = Release|Any CPU
	EndGlobalSection
	GlobalSection(ProjectConfigurationPlatforms) = postSolution
		{DCBAC495-6D58-4AE4-8FB0-EBD2FB351759}.Debug|Any CPU.ActiveCfg = Debug|Any CPU
		{DCBAC495-6D58-4AE4-8FB0-EBD2FB351759}.Debug|Any CPU.Build.0 = Debug|Any CPU
		{DCBAC495-6D58-4AE4-8FB0-EBD2FB351759}.Release|Any CPU.ActiveCfg = Release|Any CPU
		{DCBAC495-6D58-4AE4-8FB0-EBD2FB351759}.Release|Any CPU.Build.0 = Release|Any CPU
	EndGlobalSection
	GlobalSection(SolutionProperties) = preSolution
		HideSolutionNode = FALSE
	EndGlobalSection
	GlobalSection(ExtensibilityGlobals) = postSolution
		SolutionGuid = {EC7979AF-4323-40A7-A103-E24C9222AC64}
	EndGlobalSection
EndGlobal
